
Microsoft Visual Studio Solution File, Format Version 12.00
# Visual Studio 15
VisualStudioVersion = 15.0.27428.2015
MinimumVisualStudioVersion = 10.0.40219.1
Project("{FAE04EC0-301F-11D3-BF4B-00C04F79EFBC}") = "lab02", "lab02\lab02.csproj", "{C29E19B5-E846-4A0F-9CA1-7E1DDF4AE7A7}"
EndProject
Project("{FAE04EC0-301F-11D3-BF4B-00C04F79EFBC}") = "lab03", "lab03\lab03.csproj", "{07D7FB1D-D852-4895-84CF-8A459BEDE189}"
EndProject
Project("{FAE04EC0-301F-11D3-BF4B-00C04F79EFBC}") = "lab01_01", "lab01\lab01_01.csproj", "{0BC3EBBC-8DC0-4A94-B1B1-B6D83369917A}"
EndProject
Project("{FAE04EC0-301F-11D3-BF4B-00C04F79EFBC}") = "lab01_02", "lab01_02\lab01_02.csproj", "{9FCCCF93-9A8D-43DF-BC5F-C42D8696923C}"
EndProject
Project("{8BC9CEB8-8B4A-11D0-8D11-00A0C91BC942}") = "lab01_02_old", "lab01_02_old\lab01_02_old.vcxproj", "{53F1655C-8346-4DCD-9B86-468E054DAAEE}"
EndProject
Project("{FAE04EC0-301F-11D3-BF4B-00C04F79EFBC}") = "lab04", "lab04\lab04.csproj", "{382EFDC8-9563-4E7D-8D9F-60ACEE28862C}"
EndProject
Global
	GlobalSection(SolutionConfigurationPlatforms) = preSolution
		Debug|Any CPU = Debug|Any CPU
		Debug|x64 = Debug|x64
		Debug|x86 = Debug|x86
		Release|Any CPU = Release|Any CPU
		Release|x64 = Release|x64
		Release|x86 = Release|x86
	EndGlobalSection
	GlobalSection(ProjectConfigurationPlatforms) = postSolution
		{C29E19B5-E846-4A0F-9CA1-7E1DDF4AE7A7}.Debug|Any CPU.ActiveCfg = Debug|Any CPU
		{C29E19B5-E846-4A0F-9CA1-7E1DDF4AE7A7}.Debug|Any CPU.Build.0 = Debug|Any CPU
		{C29E19B5-E846-4A0F-9CA1-7E1DDF4AE7A7}.Debug|x64.ActiveCfg = Debug|Any CPU
		{C29E19B5-E846-4A0F-9CA1-7E1DDF4AE7A7}.Debug|x64.Build.0 = Debug|Any CPU
		{C29E19B5-E846-4A0F-9CA1-7E1DDF4AE7A7}.Debug|x86.ActiveCfg = Debug|Any CPU
		{C29E19B5-E846-4A0F-9CA1-7E1DDF4AE7A7}.Debug|x86.Build.0 = Debug|Any CPU
		{C29E19B5-E846-4A0F-9CA1-7E1DDF4AE7A7}.Release|Any CPU.ActiveCfg = Release|Any CPU
		{C29E19B5-E846-4A0F-9CA1-7E1DDF4AE7A7}.Release|Any CPU.Build.0 = Release|Any CPU
		{C29E19B5-E846-4A0F-9CA1-7E1DDF4AE7A7}.Release|x64.ActiveCfg = Release|Any CPU
		{C29E19B5-E846-4A0F-9CA1-7E1DDF4AE7A7}.Release|x64.Build.0 = Release|Any CPU
		{C29E19B5-E846-4A0F-9CA1-7E1DDF4AE7A7}.Release|x86.ActiveCfg = Release|Any CPU
		{C29E19B5-E846-4A0F-9CA1-7E1DDF4AE7A7}.Release|x86.Build.0 = Release|Any CPU
		{07D7FB1D-D852-4895-84CF-8A459BEDE189}.Debug|Any CPU.ActiveCfg = Debug|Any CPU
		{07D7FB1D-D852-4895-84CF-8A459BEDE189}.Debug|Any CPU.Build.0 = Debug|Any CPU
		{07D7FB1D-D852-4895-84CF-8A459BEDE189}.Debug|x64.ActiveCfg = Debug|Any CPU
		{07D7FB1D-D852-4895-84CF-8A459BEDE189}.Debug|x64.Build.0 = Debug|Any CPU
		{07D7FB1D-D852-4895-84CF-8A459BEDE189}.Debug|x86.ActiveCfg = Debug|Any CPU
		{07D7FB1D-D852-4895-84CF-8A459BEDE189}.Debug|x86.Build.0 = Debug|Any CPU
		{07D7FB1D-D852-4895-84CF-8A459BEDE189}.Release|Any CPU.ActiveCfg = Release|Any CPU
		{07D7FB1D-D852-4895-84CF-8A459BEDE189}.Release|Any CPU.Build.0 = Release|Any CPU
		{07D7FB1D-D852-4895-84CF-8A459BEDE189}.Release|x64.ActiveCfg = Release|Any CPU
		{07D7FB1D-D852-4895-84CF-8A459BEDE189}.Release|x64.Build.0 = Release|Any CPU
		{07D7FB1D-D852-4895-84CF-8A459BEDE189}.Release|x86.ActiveCfg = Release|Any CPU
		{07D7FB1D-D852-4895-84CF-8A459BEDE189}.Release|x86.Build.0 = Release|Any CPU
		{0BC3EBBC-8DC0-4A94-B1B1-B6D83369917A}.Debug|Any CPU.ActiveCfg = Debug|Any CPU
		{0BC3EBBC-8DC0-4A94-B1B1-B6D83369917A}.Debug|Any CPU.Build.0 = Debug|Any CPU
		{0BC3EBBC-8DC0-4A94-B1B1-B6D83369917A}.Debug|x64.ActiveCfg = Debug|Any CPU
		{0BC3EBBC-8DC0-4A94-B1B1-B6D83369917A}.Debug|x64.Build.0 = Debug|Any CPU
		{0BC3EBBC-8DC0-4A94-B1B1-B6D83369917A}.Debug|x86.ActiveCfg = Debug|Any CPU
		{0BC3EBBC-8DC0-4A94-B1B1-B6D83369917A}.Debug|x86.Build.0 = Debug|Any CPU
		{0BC3EBBC-8DC0-4A94-B1B1-B6D83369917A}.Release|Any CPU.ActiveCfg = Release|Any CPU
		{0BC3EBBC-8DC0-4A94-B1B1-B6D83369917A}.Release|Any CPU.Build.0 = Release|Any CPU
		{0BC3EBBC-8DC0-4A94-B1B1-B6D83369917A}.Release|x64.ActiveCfg = Release|Any CPU
		{0BC3EBBC-8DC0-4A94-B1B1-B6D83369917A}.Release|x64.Build.0 = Release|Any CPU
		{0BC3EBBC-8DC0-4A94-B1B1-B6D83369917A}.Release|x86.ActiveCfg = Release|Any CPU
		{0BC3EBBC-8DC0-4A94-B1B1-B6D83369917A}.Release|x86.Build.0 = Release|Any CPU
		{9FCCCF93-9A8D-43DF-BC5F-C42D8696923C}.Debug|Any CPU.ActiveCfg = Debug|Any CPU
		{9FCCCF93-9A8D-43DF-BC5F-C42D8696923C}.Debug|Any CPU.Build.0 = Debug|Any CPU
		{9FCCCF93-9A8D-43DF-BC5F-C42D8696923C}.Debug|x64.ActiveCfg = Debug|Any CPU
		{9FCCCF93-9A8D-43DF-BC5F-C42D8696923C}.Debug|x64.Build.0 = Debug|Any CPU
		{9FCCCF93-9A8D-43DF-BC5F-C42D8696923C}.Debug|x86.ActiveCfg = Debug|Any CPU
		{9FCCCF93-9A8D-43DF-BC5F-C42D8696923C}.Debug|x86.Build.0 = Debug|Any CPU
		{9FCCCF93-9A8D-43DF-BC5F-C42D8696923C}.Release|Any CPU.ActiveCfg = Release|Any CPU
		{9FCCCF93-9A8D-43DF-BC5F-C42D8696923C}.Release|Any CPU.Build.0 = Release|Any CPU
		{9FCCCF93-9A8D-43DF-BC5F-C42D8696923C}.Release|x64.ActiveCfg = Release|Any CPU
		{9FCCCF93-9A8D-43DF-BC5F-C42D8696923C}.Release|x64.Build.0 = Release|Any CPU
		{9FCCCF93-9A8D-43DF-BC5F-C42D8696923C}.Release|x86.ActiveCfg = Release|Any CPU
		{9FCCCF93-9A8D-43DF-BC5F-C42D8696923C}.Release|x86.Build.0 = Release|Any CPU
		{53F1655C-8346-4DCD-9B86-468E054DAAEE}.Debug|Any CPU.ActiveCfg = Debug|Win32
		{53F1655C-8346-4DCD-9B86-468E054DAAEE}.Debug|x64.ActiveCfg = Debug|x64
		{53F1655C-8346-4DCD-9B86-468E054DAAEE}.Debug|x64.Build.0 = Debug|x64
		{53F1655C-8346-4DCD-9B86-468E054DAAEE}.Debug|x86.ActiveCfg = Debug|Win32
		{53F1655C-8346-4DCD-9B86-468E054DAAEE}.Debug|x86.Build.0 = Debug|Win32
		{53F1655C-8346-4DCD-9B86-468E054DAAEE}.Release|Any CPU.ActiveCfg = Release|Win32
		{53F1655C-8346-4DCD-9B86-468E054DAAEE}.Release|x64.ActiveCfg = Release|x64
		{53F1655C-8346-4DCD-9B86-468E054DAAEE}.Release|x64.Build.0 = Release|x64
		{53F1655C-8346-4DCD-9B86-468E054DAAEE}.Release|x86.ActiveCfg = Release|Win32
		{53F1655C-8346-4DCD-9B86-468E054DAAEE}.Release|x86.Build.0 = Release|Win32
		{382EFDC8-9563-4E7D-8D9F-60ACEE28862C}.Debug|Any CPU.ActiveCfg = Debug|Any CPU
		{382EFDC8-9563-4E7D-8D9F-60ACEE28862C}.Debug|Any CPU.Build.0 = Debug|Any CPU
		{382EFDC8-9563-4E7D-8D9F-60ACEE28862C}.Debug|x64.ActiveCfg = Debug|Any CPU
		{382EFDC8-9563-4E7D-8D9F-60ACEE28862C}.Debug|x64.Build.0 = Debug|Any CPU
		{382EFDC8-9563-4E7D-8D9F-60ACEE28862C}.Debug|x86.ActiveCfg = Debug|Any CPU
		{382EFDC8-9563-4E7D-8D9F-60ACEE28862C}.Debug|x86.Build.0 = Debug|Any CPU
		{382EFDC8-9563-4E7D-8D9F-60ACEE28862C}.Release|Any CPU.ActiveCfg = Release|Any CPU
		{382EFDC8-9563-4E7D-8D9F-60ACEE28862C}.Release|Any CPU.Build.0 = Release|Any CPU
		{382EFDC8-9563-4E7D-8D9F-60ACEE28862C}.Release|x64.ActiveCfg = Release|Any CPU
		{382EFDC8-9563-4E7D-8D9F-60ACEE28862C}.Release|x64.Build.0 = Release|Any CPU
		{382EFDC8-9563-4E7D-8D9F-60ACEE28862C}.Release|x86.ActiveCfg = Release|Any CPU
		{382EFDC8-9563-4E7D-8D9F-60ACEE28862C}.Release|x86.Build.0 = Release|Any CPU
	EndGlobalSection
	GlobalSection(SolutionProperties) = preSolution
		HideSolutionNode = FALSE
	EndGlobalSection
	GlobalSection(ExtensibilityGlobals) = postSolution
		SolutionGuid = {3BF5745B-2017-4940-8271-3EEAE1C1CB1A}
	EndGlobalSection
EndGlobal
